
Microsoft Visual Studio Solution File, Format Version 12.00
# Visual Studio Version 17
VisualStudioVersion = 17.9.34622.214
MinimumVisualStudioVersion = 10.0.40219.1
Project("{FAE04EC0-301F-11D3-BF4B-00C04F79EFBC}") = "NydahlsNewWebshop1000", "NydahlsNewWebshop1000\NydahlsNewWebshop1000\NydahlsNewWebshop1000.csproj", "{90B65CD3-4465-4EE7-B2C9-656202793B7A}"
EndProject
Project("{FAE04EC0-301F-11D3-BF4B-00C04F79EFBC}") = "NydahlsNewWebshop1000.Client", "NydahlsNewWebshop1000\NydahlsNewWebshop1000.Client\NydahlsNewWebshop1000.Client.csproj", "{68E8984C-C9B0-4EE0-8438-38428C18F196}"
EndProject
Global
	GlobalSection(SolutionConfigurationPlatforms) = preSolution
		Debug|Any CPU = Debug|Any CPU
		Release|Any CPU = Release|Any CPU
	EndGlobalSection
	GlobalSection(ProjectConfigurationPlatforms) = postSolution
		{90B65CD3-4465-4EE7-B2C9-656202793B7A}.Debug|Any CPU.ActiveCfg = Debug|Any CPU
		{90B65CD3-4465-4EE7-B2C9-656202793B7A}.Debug|Any CPU.Build.0 = Debug|Any CPU
		{90B65CD3-4465-4EE7-B2C9-656202793B7A}.Release|Any CPU.ActiveCfg = Release|Any CPU
		{90B65CD3-4465-4EE7-B2C9-656202793B7A}.Release|Any CPU.Build.0 = Release|Any CPU
		{68E8984C-C9B0-4EE0-8438-38428C18F196}.Debug|Any CPU.ActiveCfg = Debug|Any CPU
		{68E8984C-C9B0-4EE0-8438-38428C18F196}.Debug|Any CPU.Build.0 = Debug|Any CPU
		{68E8984C-C9B0-4EE0-8438-38428C18F196}.Release|Any CPU.ActiveCfg = Release|Any CPU
		{68E8984C-C9B0-4EE0-8438-38428C18F196}.Release|Any CPU.Build.0 = Release|Any CPU
	EndGlobalSection
	GlobalSection(SolutionProperties) = preSolution
		HideSolutionNode = FALSE
	EndGlobalSection
	GlobalSection(ExtensibilityGlobals) = postSolution
		SolutionGuid = {1608A118-6E95-473C-A7FA-B597B1C44093}
	EndGlobalSection
EndGlobal
